// !$*UTF8*$!
{
	archiveVersion = 1;
	classes = {
	};
	objectVersion = 50;
	objects = {

/* Begin PBXBuildFile section */
		417B6A2E22EFE2AE00B440CF /* AppDelegate.swift in Sources */ = {isa = PBXBuildFile; fileRef = 417B6A2D22EFE2AE00B440CF /* AppDelegate.swift */; };
		417B6A3022EFE2AE00B440CF /* ViewController.swift in Sources */ = {isa = PBXBuildFile; fileRef = 417B6A2F22EFE2AE00B440CF /* ViewController.swift */; };
		417B6A3322EFE2AE00B440CF /* Main.storyboard in Resources */ = {isa = PBXBuildFile; fileRef = 417B6A3122EFE2AE00B440CF /* Main.storyboard */; };
		417B6A3522EFE2B000B440CF /* Assets.xcassets in Resources */ = {isa = PBXBuildFile; fileRef = 417B6A3422EFE2B000B440CF /* Assets.xcassets */; };
		417B6A3822EFE2B000B440CF /* LaunchScreen.storyboard in Resources */ = {isa = PBXBuildFile; fileRef = 417B6A3622EFE2B000B440CF /* LaunchScreen.storyboard */; };
		417B6A4322EFE2B000B440CF /* CalculatorWithUnitTestTests.swift in Sources */ = {isa = PBXBuildFile; fileRef = 417B6A4222EFE2B000B440CF /* CalculatorWithUnitTestTests.swift */; };
		417B6A4E22EFE2D900B440CF /* Calculator.swift in Sources */ = {isa = PBXBuildFile; fileRef = 417B6A4D22EFE2D900B440CF /* Calculator.swift */; };
/* End PBXBuildFile section */

/* Begin PBXContainerItemProxy section */
		417B6A3F22EFE2B000B440CF /* PBXContainerItemProxy */ = {
			isa = PBXContainerItemProxy;
			containerPortal = 417B6A2222EFE2AE00B440CF /* Project object */;
			proxyType = 1;
			remoteGlobalIDString = 417B6A2922EFE2AE00B440CF;
			remoteInfo = CalculatorWithUnitTest;
		};
/* End PBXContainerItemProxy section */

/* Begin PBXFileReference section */
		417B6A2A22EFE2AE00B440CF /* CalculatorWithUnitTest.app */ = {isa = PBXFileReference; explicitFileType = wrapper.application; includeInIndex = 0; path = CalculatorWithUnitTest.app; sourceTree = BUILT_PRODUCTS_DIR; };
		417B6A2D22EFE2AE00B440CF /* AppDelegate.swift */ = {isa = PBXFileReference; lastKnownFileType = sourcecode.swift; path = AppDelegate.swift; sourceTree = "<group>"; };
		417B6A2F22EFE2AE00B440CF /* ViewController.swift */ = {isa = PBXFileReference; lastKnownFileType = sourcecode.swift; path = ViewController.swift; sourceTree = "<group>"; };
		417B6A3222EFE2AE00B440CF /* Base */ = {isa = PBXFileReference; lastKnownFileType = file.storyboard; name = Base; path = Base.lproj/Main.storyboard; sourceTree = "<group>"; };
		417B6A3422EFE2B000B440CF /* Assets.xcassets */ = {isa = PBXFileReference; lastKnownFileType = folder.assetcatalog; path = Assets.xcassets; sourceTree = "<group>"; };
		417B6A3722EFE2B000B440CF /* Base */ = {isa = PBXFileReference; lastKnownFileType = file.storyboard; name = Base; path = Base.lproj/LaunchScreen.storyboard; sourceTree = "<group>"; };
		417B6A3922EFE2B000B440CF /* Info.plist */ = {isa = PBXFileReference; lastKnownFileType = text.plist.xml; path = Info.plist; sourceTree = "<group>"; };
		417B6A3E22EFE2B000B440CF /* CalculatorWithUnitTestTests.xctest */ = {isa = PBXFileReference; explicitFileType = wrapper.cfbundle; includeInIndex = 0; path = CalculatorWithUnitTestTests.xctest; sourceTree = BUILT_PRODUCTS_DIR; };
		417B6A4222EFE2B000B440CF /* CalculatorWithUnitTestTests.swift */ = {isa = PBXFileReference; lastKnownFileType = sourcecode.swift; path = CalculatorWithUnitTestTests.swift; sourceTree = "<group>"; };
		417B6A4422EFE2B000B440CF /* Info.plist */ = {isa = PBXFileReference; lastKnownFileType = text.plist.xml; path = Info.plist; sourceTree = "<group>"; };
		417B6A4D22EFE2D900B440CF /* Calculator.swift */ = {isa = PBXFileReference; lastKnownFileType = sourcecode.swift; path = Calculator.swift; sourceTree = "<group>"; };
/* End PBXFileReference section */

/* Begin PBXFrameworksBuildPhase section */
		417B6A2722EFE2AE00B440CF /* Frameworks */ = {
			isa = PBXFrameworksBuildPhase;
			buildActionMask = 2147483647;
			files = (
			);
			runOnlyForDeploymentPostprocessing = 0;
		};
		417B6A3B22EFE2B000B440CF /* Frameworks */ = {
			isa = PBXFrameworksBuildPhase;
			buildActionMask = 2147483647;
			files = (
			);
			runOnlyForDeploymentPostprocessing = 0;
		};
/* End PBXFrameworksBuildPhase section */

/* Begin PBXGroup section */
		417B6A2122EFE2AE00B440CF = {
			isa = PBXGroup;
			children = (
				417B6A2C22EFE2AE00B440CF /* CalculatorWithUnitTest */,
				417B6A4122EFE2B000B440CF /* CalculatorWithUnitTestTests */,
				417B6A2B22EFE2AE00B440CF /* Products */,
			);
			sourceTree = "<group>";
		};
		417B6A2B22EFE2AE00B440CF /* Products */ = {
			isa = PBXGroup;
			children = (
				417B6A2A22EFE2AE00B440CF /* CalculatorWithUnitTest.app */,
				417B6A3E22EFE2B000B440CF /* CalculatorWithUnitTestTests.xctest */,
			);
			name = Products;
			sourceTree = "<group>";
		};
		417B6A2C22EFE2AE00B440CF /* CalculatorWithUnitTest */ = {
			isa = PBXGroup;
			children = (
				417B6A2D22EFE2AE00B440CF /* AppDelegate.swift */,
				417B6A2F22EFE2AE00B440CF /* ViewController.swift */,
				417B6A3122EFE2AE00B440CF /* Main.storyboard */,
				417B6A3422EFE2B000B440CF /* Assets.xcassets */,
				417B6A3622EFE2B000B440CF /* LaunchScreen.storyboard */,
				417B6A3922EFE2B000B440CF /* Info.plist */,
				417B6A4D22EFE2D900B440CF /* Calculator.swift */,
			);
			path = CalculatorWithUnitTest;
			sourceTree = "<group>";
		};
		417B6A4122EFE2B000B440CF /* CalculatorWithUnitTestTests */ = {
			isa = PBXGroup;
			children = (
				417B6A4222EFE2B000B440CF /* CalculatorWithUnitTestTests.swift */,
				417B6A4422EFE2B000B440CF /* Info.plist */,
			);
			path = CalculatorWithUnitTestTests;
			sourceTree = "<group>";
		};
/* End PBXGroup section */

/* Begin PBXNativeTarget section */
		417B6A2922EFE2AE00B440CF /* CalculatorWithUnitTest */ = {
			isa = PBXNativeTarget;
			buildConfigurationList = 417B6A4722EFE2B000B440CF /* Build configuration list for PBXNativeTarget "CalculatorWithUnitTest" */;
			buildPhases = (
				417B6A2622EFE2AE00B440CF /* Sources */,
				417B6A2722EFE2AE00B440CF /* Frameworks */,
				417B6A2822EFE2AE00B440CF /* Resources */,
			);
			buildRules = (
			);
			dependencies = (
			);
			name = CalculatorWithUnitTest;
			productName = CalculatorWithUnitTest;
			productReference = 417B6A2A22EFE2AE00B440CF /* CalculatorWithUnitTest.app */;
			productType = "com.apple.product-type.application";
		};
		417B6A3D22EFE2B000B440CF /* CalculatorWithUnitTestTests */ = {
			isa = PBXNativeTarget;
			buildConfigurationList = 417B6A4A22EFE2B000B440CF /* Build configuration list for PBXNativeTarget "CalculatorWithUnitTestTests" */;
			buildPhases = (
				417B6A3A22EFE2B000B440CF /* Sources */,
				417B6A3B22EFE2B000B440CF /* Frameworks */,
				417B6A3C22EFE2B000B440CF /* Resources */,
			);
			buildRules = (
			);
			dependencies = (
				417B6A4022EFE2B000B440CF /* PBXTargetDependency */,
			);
			name = CalculatorWithUnitTestTests;
			productName = CalculatorWithUnitTestTests;
			productReference = 417B6A3E22EFE2B000B440CF /* CalculatorWithUnitTestTests.xctest */;
			productType = "com.apple.product-type.bundle.unit-test";
		};
/* End PBXNativeTarget section */

/* Begin PBXProject section */
		417B6A2222EFE2AE00B440CF /* Project object */ = {
			isa = PBXProject;
			attributes = {
				LastSwiftUpdateCheck = 1030;
				LastUpgradeCheck = 1030;
				ORGANIZATIONNAME = "Jeferson Oliveira Cequeira de Jesus";
				TargetAttributes = {
					417B6A2922EFE2AE00B440CF = {
						CreatedOnToolsVersion = 10.3;
					};
					417B6A3D22EFE2B000B440CF = {
						CreatedOnToolsVersion = 10.3;
						TestTargetID = 417B6A2922EFE2AE00B440CF;
					};
				};
			};
			buildConfigurationList = 417B6A2522EFE2AE00B440CF /* Build configuration list for PBXProject "CalculatorWithUnitTest" */;
			compatibilityVersion = "Xcode 9.3";
			developmentRegion = en;
			hasScannedForEncodings = 0;
			knownRegions = (
				en,
				Base,
			);
			mainGroup = 417B6A2122EFE2AE00B440CF;
			productRefGroup = 417B6A2B22EFE2AE00B440CF /* Products */;
			projectDirPath = "";
			projectRoot = "";
			targets = (
				417B6A2922EFE2AE00B440CF /* CalculatorWithUnitTest */,
				417B6A3D22EFE2B000B440CF /* CalculatorWithUnitTestTests */,
			);
		};
/* End PBXProject section */

/* Begin PBXResourcesBuildPhase section */
		417B6A2822EFE2AE00B440CF /* Resources */ = {
			isa = PBXResourcesBuildPhase;
			buildActionMask = 2147483647;
			files = (
				417B6A3822EFE2B000B440CF /* LaunchScreen.storyboard in Resources */,
				417B6A3522EFE2B000B440CF /* Assets.xcassets in Resources */,
				417B6A3322EFE2AE00B440CF /* Main.storyboard in Resources */,
			);
			runOnlyForDeploymentPostprocessing = 0;
		};
		417B6A3C22EFE2B000B440CF /* Resources */ = {
			isa = PBXResourcesBuildPhase;
			buildActionMask = 2147483647;
			files = (
			);
			runOnlyForDeploymentPostprocessing = 0;
		};
/* End PBXResourcesBuildPhase section */

/* Begin PBXSourcesBuildPhase section */
		417B6A2622EFE2AE00B440CF /* Sources */ = {
			isa = PBXSourcesBuildPhase;
			buildActionMask = 2147483647;
			files = (
				417B6A3022EFE2AE00B440CF /* ViewController.swift in Sources */,
				417B6A2E22EFE2AE00B440CF /* AppDelegate.swift in Sources */,
				417B6A4E22EFE2D900B440CF /* Calculator.swift in Sources */,
			);
			runOnlyForDeploymentPostprocessing = 0;
		};
		417B6A3A22EFE2B000B440CF /* Sources */ = {
			isa = PBXSourcesBuildPhase;
			buildActionMask = 2147483647;
			files = (
				417B6A4322EFE2B000B440CF /* CalculatorWithUnitTestTests.swift in Sources */,
			);
			runOnlyForDeploymentPostprocessing = 0;
		};
/* End PBXSourcesBuildPhase section */

/* Begin PBXTargetDependency section */
		417B6A4022EFE2B000B440CF /* PBXTargetDependency */ = {
			isa = PBXTargetDependency;
			target = 417B6A2922EFE2AE00B440CF /* CalculatorWithUnitTest */;
			targetProxy = 417B6A3F22EFE2B000B440CF /* PBXContainerItemProxy */;
		};
/* End PBXTargetDependency section */

/* Begin PBXVariantGroup section */
		417B6A3122EFE2AE00B440CF /* Main.storyboard */ = {
			isa = PBXVariantGroup;
			children = (
				417B6A3222EFE2AE00B440CF /* Base */,
			);
			name = Main.storyboard;
			sourceTree = "<group>";
		};
		417B6A3622EFE2B000B440CF /* LaunchScreen.storyboard */ = {
			isa = PBXVariantGroup;
			children = (
				417B6A3722EFE2B000B440CF /* Base */,
			);
			name = LaunchScreen.storyboard;
			sourceTree = "<group>";
		};
/* End PBXVariantGroup section */

/* Begin XCBuildConfiguration section */
		417B6A4522EFE2B000B440CF /* Debug */ = {
			isa = XCBuildConfiguration;
			buildSettings = {
				ALWAYS_SEARCH_USER_PATHS = NO;
				CLANG_ANALYZER_NONNULL = YES;
				CLANG_ANALYZER_NUMBER_OBJECT_CONVERSION = YES_AGGRESSIVE;
				CLANG_CXX_LANGUAGE_STANDARD = "gnu++14";
				CLANG_CXX_LIBRARY = "libc++";
				CLANG_ENABLE_MODULES = YES;
				CLANG_ENABLE_OBJC_ARC = YES;
				CLANG_ENABLE_OBJC_WEAK = YES;
				CLANG_WARN_BLOCK_CAPTURE_AUTORELEASING = YES;
				CLANG_WARN_BOOL_CONVERSION = YES;
				CLANG_WARN_COMMA = YES;
				CLANG_WARN_CONSTANT_CONVERSION = YES;
				CLANG_WARN_DEPRECATED_OBJC_IMPLEMENTATIONS = YES;
				CLANG_WARN_DIRECT_OBJC_ISA_USAGE = YES_ERROR;
				CLANG_WARN_DOCUMENTATION_COMMENTS = YES;
				CLANG_WARN_EMPTY_BODY = YES;
				CLANG_WARN_ENUM_CONVERSION = YES;
				CLANG_WARN_INFINITE_RECURSION = YES;
				CLANG_WARN_INT_CONVERSION = YES;
				CLANG_WARN_NON_LITERAL_NULL_CONVERSION = YES;
				CLANG_WARN_OBJC_IMPLICIT_RETAIN_SELF = YES;
				CLANG_WARN_OBJC_LITERAL_CONVERSION = YES;
				CLANG_WARN_OBJC_ROOT_CLASS = YES_ERROR;
				CLANG_WARN_RANGE_LOOP_ANALYSIS = YES;
				CLANG_WARN_STRICT_PROTOTYPES = YES;
				CLANG_WARN_SUSPICIOUS_MOVE = YES;
				CLANG_WARN_UNGUARDED_AVAILABILITY = YES_AGGRESSIVE;
				CLANG_WARN_UNREACHABLE_CODE = YES;
				CLANG_WARN__DUPLICATE_METHOD_MATCH = YES;
				CODE_SIGN_IDENTITY = "iPhone Developer";
				COPY_PHASE_STRIP = NO;
				DEBUG_INFORMATION_FORMAT = dwarf;
				ENABLE_STRICT_OBJC_MSGSEND = YES;
				ENABLE_TESTABILITY = YES;
				GCC_C_LANGUAGE_STANDARD = gnu11;
				GCC_DYNAMIC_NO_PIC = NO;
				GCC_NO_COMMON_BLOCKS = YES;
				GCC_OPTIMIZATION_LEVEL = 0;
				GCC_PREPROCESSOR_DEFINITIONS = (
					"DEBUG=1",
					"$(inherited)",
				);
				GCC_WARN_64_TO_32_BIT_CONVERSION = YES;
				GCC_WARN_ABOUT_RETURN_TYPE = YES_ERROR;
				GCC_WARN_UNDECLARED_SELECTOR = YES;
				GCC_WARN_UNINITIALIZED_AUTOS = YES_AGGRESSIVE;
				GCC_WARN_UNUSED_FUNCTION = YES;
				GCC_WARN_UNUSED_VARIABLE = YES;
				IPHONEOS_DEPLOYMENT_TARGET = 12.4;
				MTL_ENABLE_DEBUG_INFO = INCLUDE_SOURCE;
				MTL_FAST_MATH = YES;
				ONLY_ACTIVE_ARCH = YES;
				SDKROOT = iphoneos;
				SWIFT_ACTIVE_COMPILATION_CONDITIONS = DEBUG;
				SWIFT_OPTIMIZATION_LEVEL = "-Onone";
			};
			name = Debug;
		};
		417B6A4622EFE2B000B440CF /* Release */ = {
			isa = XCBuildConfiguration;
			buildSettings = {
				ALWAYS_SEARCH_USER_PATHS = NO;
				CLANG_ANALYZER_NONNULL = YES;
				CLANG_ANALYZER_NUMBER_OBJECT_CONVERSION = YES_AGGRESSIVE;
				CLANG_CXX_LANGUAGE_STANDARD = "gnu++14";
				CLANG_CXX_LIBRARY = "libc++";
				CLANG_ENABLE_MODULES = YES;
				CLANG_ENABLE_OBJC_ARC = YES;
				CLANG_ENABLE_OBJC_WEAK = YES;
				CLANG_WARN_BLOCK_CAPTURE_AUTORELEASING = YES;
				CLANG_WARN_BOOL_CONVERSION = YES;
				CLANG_WARN_COMMA = YES;
				CLANG_WARN_CONSTANT_CONVERSION = YES;
				CLANG_WARN_DEPRECATED_OBJC_IMPLEMENTATIONS = YES;
				CLANG_WARN_DIRECT_OBJC_ISA_USAGE = YES_ERROR;
				CLANG_WARN_DOCUMENTATION_COMMENTS = YES;
				CLANG_WARN_EMPTY_BODY = YES;
				CLANG_WARN_ENUM_CONVERSION = YES;
				CLANG_WARN_INFINITE_RECURSION = YES;
				CLANG_WARN_INT_CONVERSION = YES;
				CLANG_WARN_NON_LITERAL_NULL_CONVERSION = YES;
				CLANG_WARN_OBJC_IMPLICIT_RETAIN_SELF = YES;
				CLANG_WARN_OBJC_LITERAL_CONVERSION = YES;
				CLANG_WARN_OBJC_ROOT_CLASS = YES_ERROR;
				CLANG_WARN_RANGE_LOOP_ANALYSIS = YES;
				CLANG_WARN_STRICT_PROTOTYPES = YES;
				CLANG_WARN_SUSPICIOUS_MOVE = YES;
				CLANG_WARN_UNGUARDED_AVAILABILITY = YES_AGGRESSIVE;
				CLANG_WARN_UNREACHABLE_CODE = YES;
				CLANG_WARN__DUPLICATE_METHOD_MATCH = YES;
				CODE_SIGN_IDENTITY = "iPhone Developer";
				COPY_PHASE_STRIP = NO;
				DEBUG_INFORMATION_FORMAT = "dwarf-with-dsym";
				ENABLE_NS_ASSERTIONS = NO;
				ENABLE_STRICT_OBJC_MSGSEND = YES;
				GCC_C_LANGUAGE_STANDARD = gnu11;
				GCC_NO_COMMON_BLOCKS = YES;
				GCC_WARN_64_TO_32_BIT_CONVERSION = YES;
				GCC_WARN_ABOUT_RETURN_TYPE = YES_ERROR;
				GCC_WARN_UNDECLARED_SELECTOR = YES;
				GCC_WARN_UNINITIALIZED_AUTOS = YES_AGGRESSIVE;
				GCC_WARN_UNUSED_FUNCTION = YES;
				GCC_WARN_UNUSED_VARIABLE = YES;
				IPHONEOS_DEPLOYMENT_TARGET = 12.4;
				MTL_ENABLE_DEBUG_INFO = NO;
				MTL_FAST_MATH = YES;
				SDKROOT = iphoneos;
				SWIFT_COMPILATION_MODE = wholemodule;
				SWIFT_OPTIMIZATION_LEVEL = "-O";
				VALIDATE_PRODUCT = YES;
			};
			name = Release;
		};
		417B6A4822EFE2B000B440CF /* Debug */ = {
			isa = XCBuildConfiguration;
			buildSettings = {
				ASSETCATALOG_COMPILER_APPICON_NAME = AppIcon;
				CODE_SIGN_STYLE = Automatic;
				DEVELOPMENT_TEAM = 296LD5L9TC;
				INFOPLIST_FILE = CalculatorWithUnitTest/Info.plist;
				LD_RUNPATH_SEARCH_PATHS = (
					"$(inherited)",
					"@executable_path/Frameworks",
				);
				PRODUCT_BUNDLE_IDENTIFIER = com.jeferson.CalculatorWithUnitTest;
				PRODUCT_NAME = "$(TARGET_NAME)";
				SWIFT_VERSION = 5.0;
				TARGETED_DEVICE_FAMILY = "1,2";
			};
			name = Debug;
		};
		417B6A4922EFE2B000B440CF /* Release */ = {
			isa = XCBuildConfiguration;
			buildSettings = {
				ASSETCATALOG_COMPILER_APPICON_NAME = AppIcon;
				CODE_SIGN_STYLE = Automatic;
				DEVELOPMENT_TEAM = 296LD5L9TC;
				INFOPLIST_FILE = CalculatorWithUnitTest/Info.plist;
				LD_RUNPATH_SEARCH_PATHS = (
					"$(inherited)",
					"@executable_path/Frameworks",
				);
				PRODUCT_BUNDLE_IDENTIFIER = com.jeferson.CalculatorWithUnitTest;
				PRODUCT_NAME = "$(TARGET_NAME)";
				SWIFT_VERSION = 5.0;
				TARGETED_DEVICE_FAMILY = "1,2";
			};
			name = Release;
		};
		417B6A4B22EFE2B000B440CF /* Debug */ = {
			isa = XCBuildConfiguration;
			buildSettings = {
				ALWAYS_EMBED_SWIFT_STANDARD_LIBRARIES = YES;
				BUNDLE_LOADER = "$(TEST_HOST)";
				CODE_SIGN_STYLE = Automatic;
				DEVELOPMENT_TEAM = 296LD5L9TC;
				INFOPLIST_FILE = CalculatorWithUnitTestTests/Info.plist;
				LD_RUNPATH_SEARCH_PATHS = (
					"$(inherited)",
					"@executable_path/Frameworks",
					"@loader_path/Frameworks",
				);
				PRODUCT_BUNDLE_IDENTIFIER = com.jeferson.CalculatorWithUnitTestTests;
				PRODUCT_NAME = "$(TARGET_NAME)";
				SWIFT_VERSION = 5.0;
				TARGETED_DEVICE_FAMILY = "1,2";
				TEST_HOST = "$(BUILT_PRODUCTS_DIR)/CalculatorWithUnitTest.app/CalculatorWithUnitTest";
			};
			name = Debug;
		};
		417B6A4C22EFE2B000B440CF /* Release */ = {
			isa = XCBuildConfiguration;
			buildSettings = {
				ALWAYS_EMBED_SWIFT_STANDARD_LIBRARIES = YES;
				BUNDLE_LOADER = "$(TEST_HOST)";
				CODE_SIGN_STYLE = Automatic;
				DEVELOPMENT_TEAM = 296LD5L9TC;
				INFOPLIST_FILE = CalculatorWithUnitTestTests/Info.plist;
				LD_RUNPATH_SEARCH_PATHS = (
					"$(inherited)",
					"@executable_path/Frameworks",
					"@loader_path/Frameworks",
				);
				PRODUCT_BUNDLE_IDENTIFIER = com.jeferson.CalculatorWithUnitTestTests;
				PRODUCT_NAME = "$(TARGET_NAME)";
				SWIFT_VERSION = 5.0;
				TARGETED_DEVICE_FAMILY = "1,2";
				TEST_HOST = "$(BUILT_PRODUCTS_DIR)/CalculatorWithUnitTest.app/CalculatorWithUnitTest";
			};
			name = Release;
		};
/* End XCBuildConfiguration section */

/* Begin XCConfigurationList section */
		417B6A2522EFE2AE00B440CF /* Build configuration list for PBXProject "CalculatorWithUnitTest" */ = {
			isa = XCConfigurationList;
			buildConfigurations = (
				417B6A4522EFE2B000B440CF /* Debug */,
				417B6A4622EFE2B000B440CF /* Release */,
			);
			defaultConfigurationIsVisible = 0;
			defaultConfigurationName = Release;
		};
		417B6A4722EFE2B000B440CF /* Build configuration list for PBXNativeTarget "CalculatorWithUnitTest" */ = {
			isa = XCConfigurationList;
			buildConfigurations = (
				417B6A4822EFE2B000B440CF /* Debug */,
				417B6A4922EFE2B000B440CF /* Release */,
			);
			defaultConfigurationIsVisible = 0;
			defaultConfigurationName = Release;
		};
		417B6A4A22EFE2B000B440CF /* Build configuration list for PBXNativeTarget "CalculatorWithUnitTestTests" */ = {
			isa = XCConfigurationList;
			buildConfigurations = (
				417B6A4B22EFE2B000B440CF /* Debug */,
				417B6A4C22EFE2B000B440CF /* Release */,
			);
			defaultConfigurationIsVisible = 0;
			defaultConfigurationName = Release;
		};
/* End XCConfigurationList section */
	};
	rootObject = 417B6A2222EFE2AE00B440CF /* Project object */;
}
